
Microsoft Visual Studio Solution File, Format Version 12.00
# Visual Studio Version 16
VisualStudioVersion = 16.0.30309.148
MinimumVisualStudioVersion = 10.0.40219.1
Project("{FAE04EC0-301F-11D3-BF4B-00C04F79EFBC}") = "HelloWroldSample", "HelloWroldSample\HelloWroldSample.csproj", "{073DF1A6-4DB2-49F7-AED2-2B225132C56E}"
EndProject
Global
	GlobalSection(SolutionConfigurationPlatforms) = preSolution
		Debug|Any CPU = Debug|Any CPU
		Release|Any CPU = Release|Any CPU
	EndGlobalSection
	GlobalSection(ProjectConfigurationPlatforms) = postSolution
		{073DF1A6-4DB2-49F7-AED2-2B225132C56E}.Debug|Any CPU.ActiveCfg = Debug|Any CPU
		{073DF1A6-4DB2-49F7-AED2-2B225132C56E}.Debug|Any CPU.Build.0 = Debug|Any CPU
		{073DF1A6-4DB2-49F7-AED2-2B225132C56E}.Release|Any CPU.ActiveCfg = Release|Any CPU
		{073DF1A6-4DB2-49F7-AED2-2B225132C56E}.Release|Any CPU.Build.0 = Release|Any CPU
	EndGlobalSection
	GlobalSection(SolutionProperties) = preSolution
		HideSolutionNode = FALSE
	EndGlobalSection
	GlobalSection(ExtensibilityGlobals) = postSolution
		SolutionGuid = {FF991668-20FC-4B5A-8259-2A227066D554}
	EndGlobalSection
EndGlobal
